// !$*UTF8*$!
{
	archiveVersion = 1;
	classes = {
	};
	objectVersion = 51;
	objects = {

/* Begin PBXBuildFile section */
		06DC7CF323042B1200B66E98 /* AppDelegate.swift in Sources */ = {isa = PBXBuildFile; fileRef = 06DC7CF223042B1200B66E98 /* AppDelegate.swift */; };
		06DC7CF523042B1200B66E98 /* MainViewController.swift in Sources */ = {isa = PBXBuildFile; fileRef = 06DC7CF423042B1200B66E98 /* MainViewController.swift */; };
		06DC7CF823042B1200B66E98 /* Main.storyboard in Resources */ = {isa = PBXBuildFile; fileRef = 06DC7CF623042B1200B66E98 /* Main.storyboard */; };
		06DC7CFA23042B1300B66E98 /* Assets.xcassets in Resources */ = {isa = PBXBuildFile; fileRef = 06DC7CF923042B1300B66E98 /* Assets.xcassets */; };
		06DC7CFD23042B1300B66E98 /* LaunchScreen.storyboard in Resources */ = {isa = PBXBuildFile; fileRef = 06DC7CFB23042B1300B66E98 /* LaunchScreen.storyboard */; };
		06DC7D0823042B1300B66E98 /* DanBee_iOSTests.swift in Sources */ = {isa = PBXBuildFile; fileRef = 06DC7D0723042B1300B66E98 /* DanBee_iOSTests.swift */; };
		06DC7D142304311200B66E98 /* NaverAPIKey.swift in Sources */ = {isa = PBXBuildFile; fileRef = 06DC7D132304311200B66E98 /* NaverAPIKey.swift */; };
		06DC7D1E230584E400B66E98 /* SideMenuViewController.swift in Sources */ = {isa = PBXBuildFile; fileRef = 06DC7D1D230584E400B66E98 /* SideMenuViewController.swift */; };
		06DC7D222305868B00B66E98 /* SideMenuTableViewCell.swift in Sources */ = {isa = PBXBuildFile; fileRef = 06DC7D212305868B00B66E98 /* SideMenuTableViewCell.swift */; };
		06DC7D25230682EB00B66E98 /* LoginViewController.swift in Sources */ = {isa = PBXBuildFile; fileRef = 06DC7D24230682EB00B66E98 /* LoginViewController.swift */; };
		06DC7D282306989200B66E98 /* SignUpViewController.swift in Sources */ = {isa = PBXBuildFile; fileRef = 06DC7D272306989200B66E98 /* SignUpViewController.swift */; };
		06DC7D2C23069DEF00B66E98 /* UIButton+Extension.swift in Sources */ = {isa = PBXBuildFile; fileRef = 06DC7D2B23069DEF00B66E98 /* UIButton+Extension.swift */; };
		06DC7D2F2306A1C000B66E98 /* SignUpTextViewModel.swift in Sources */ = {isa = PBXBuildFile; fileRef = 06DC7D2E2306A1C000B66E98 /* SignUpTextViewModel.swift */; };
		06DC7D312306EF7000B66E98 /* DanBeeAPI.swift in Sources */ = {isa = PBXBuildFile; fileRef = 06DC7D302306EF7000B66E98 /* DanBeeAPI.swift */; };
		06DC7D332306F07900B66E98 /* SignUpService.swift in Sources */ = {isa = PBXBuildFile; fileRef = 06DC7D322306F07800B66E98 /* SignUpService.swift */; };
		06DC7D352306F6D800B66E98 /* LoginService.swift in Sources */ = {isa = PBXBuildFile; fileRef = 06DC7D342306F6D800B66E98 /* LoginService.swift */; };
		06DC7D372307018C00B66E98 /* UIViewController+Extension.swift in Sources */ = {isa = PBXBuildFile; fileRef = 06DC7D362307018C00B66E98 /* UIViewController+Extension.swift */; };
		06DC7D392307039100B66E98 /* UserInfo.swift in Sources */ = {isa = PBXBuildFile; fileRef = 06DC7D382307039100B66E98 /* UserInfo.swift */; };
		53A7C252DF85794E1C12907D /* Pods_DanBee_iOSTests.framework in Frameworks */ = {isa = PBXBuildFile; fileRef = 40D33419F7B4F4C741FF483D /* Pods_DanBee_iOSTests.framework */; };
		DD81D35270884E36741CB577 /* Pods_DanBee_iOS.framework in Frameworks */ = {isa = PBXBuildFile; fileRef = 56DF12FA07C1336385DC24B8 /* Pods_DanBee_iOS.framework */; };
/* End PBXBuildFile section */

/* Begin PBXContainerItemProxy section */
		06DC7D0423042B1300B66E98 /* PBXContainerItemProxy */ = {
			isa = PBXContainerItemProxy;
			containerPortal = 06DC7CE723042B1200B66E98 /* Project object */;
			proxyType = 1;
			remoteGlobalIDString = 06DC7CEE23042B1200B66E98;
			remoteInfo = DanBee_iOS;
		};
/* End PBXContainerItemProxy section */

/* Begin PBXFileReference section */
		06DC7CEF23042B1200B66E98 /* DanBee_iOS.app */ = {isa = PBXFileReference; explicitFileType = wrapper.application; includeInIndex = 0; path = DanBee_iOS.app; sourceTree = BUILT_PRODUCTS_DIR; };
		06DC7CF223042B1200B66E98 /* AppDelegate.swift */ = {isa = PBXFileReference; lastKnownFileType = sourcecode.swift; path = AppDelegate.swift; sourceTree = "<group>"; };
		06DC7CF423042B1200B66E98 /* MainViewController.swift */ = {isa = PBXFileReference; lastKnownFileType = sourcecode.swift; path = MainViewController.swift; sourceTree = "<group>"; };
		06DC7CF723042B1200B66E98 /* Base */ = {isa = PBXFileReference; lastKnownFileType = file.storyboard; name = Base; path = Base.lproj/Main.storyboard; sourceTree = "<group>"; };
		06DC7CF923042B1300B66E98 /* Assets.xcassets */ = {isa = PBXFileReference; lastKnownFileType = folder.assetcatalog; path = Assets.xcassets; sourceTree = "<group>"; };
		06DC7CFC23042B1300B66E98 /* Base */ = {isa = PBXFileReference; lastKnownFileType = file.storyboard; name = Base; path = Base.lproj/LaunchScreen.storyboard; sourceTree = "<group>"; };
		06DC7CFE23042B1300B66E98 /* Info.plist */ = {isa = PBXFileReference; lastKnownFileType = text.plist.xml; path = Info.plist; sourceTree = "<group>"; };
		06DC7D0323042B1300B66E98 /* DanBee_iOSTests.xctest */ = {isa = PBXFileReference; explicitFileType = wrapper.cfbundle; includeInIndex = 0; path = DanBee_iOSTests.xctest; sourceTree = BUILT_PRODUCTS_DIR; };
		06DC7D0723042B1300B66E98 /* DanBee_iOSTests.swift */ = {isa = PBXFileReference; lastKnownFileType = sourcecode.swift; path = DanBee_iOSTests.swift; sourceTree = "<group>"; };
		06DC7D0923042B1300B66E98 /* Info.plist */ = {isa = PBXFileReference; lastKnownFileType = text.plist.xml; path = Info.plist; sourceTree = "<group>"; };
		06DC7D132304311200B66E98 /* NaverAPIKey.swift */ = {isa = PBXFileReference; lastKnownFileType = sourcecode.swift; path = NaverAPIKey.swift; sourceTree = "<group>"; };
		06DC7D1723043AFF00B66E98 /* NMapsMap.framework */ = {isa = PBXFileReference; lastKnownFileType = wrapper.framework; name = NMapsMap.framework; path = Pods/NMapsMap/framework/NMapsMap.framework; sourceTree = "<group>"; };
		06DC7D1923052C8800B66E98 /* VHBoomMenuButton.framework */ = {isa = PBXFileReference; explicitFileType = wrapper.framework; path = VHBoomMenuButton.framework; sourceTree = BUILT_PRODUCTS_DIR; };
		06DC7D1D230584E400B66E98 /* SideMenuViewController.swift */ = {isa = PBXFileReference; lastKnownFileType = sourcecode.swift; name = SideMenuViewController.swift; path = DanBee_iOS/ViewController/SideMenuViewController.swift; sourceTree = SOURCE_ROOT; };
		06DC7D212305868B00B66E98 /* SideMenuTableViewCell.swift */ = {isa = PBXFileReference; lastKnownFileType = sourcecode.swift; path = SideMenuTableViewCell.swift; sourceTree = "<group>"; };
		06DC7D24230682EB00B66E98 /* LoginViewController.swift */ = {isa = PBXFileReference; lastKnownFileType = sourcecode.swift; name = LoginViewController.swift; path = DanBee_iOS/ViewController/LoginViewController.swift; sourceTree = SOURCE_ROOT; };
		06DC7D272306989200B66E98 /* SignUpViewController.swift */ = {isa = PBXFileReference; lastKnownFileType = sourcecode.swift; path = SignUpViewController.swift; sourceTree = "<group>"; };
		06DC7D2B23069DEF00B66E98 /* UIButton+Extension.swift */ = {isa = PBXFileReference; lastKnownFileType = sourcecode.swift; path = "UIButton+Extension.swift"; sourceTree = "<group>"; };
		06DC7D2E2306A1C000B66E98 /* SignUpTextViewModel.swift */ = {isa = PBXFileReference; lastKnownFileType = sourcecode.swift; path = SignUpTextViewModel.swift; sourceTree = "<group>"; };
		06DC7D302306EF7000B66E98 /* DanBeeAPI.swift */ = {isa = PBXFileReference; lastKnownFileType = sourcecode.swift; path = DanBeeAPI.swift; sourceTree = "<group>"; };
		06DC7D322306F07800B66E98 /* SignUpService.swift */ = {isa = PBXFileReference; lastKnownFileType = sourcecode.swift; path = SignUpService.swift; sourceTree = "<group>"; };
		06DC7D342306F6D800B66E98 /* LoginService.swift */ = {isa = PBXFileReference; lastKnownFileType = sourcecode.swift; path = LoginService.swift; sourceTree = "<group>"; };
		06DC7D362307018C00B66E98 /* UIViewController+Extension.swift */ = {isa = PBXFileReference; lastKnownFileType = sourcecode.swift; path = "UIViewController+Extension.swift"; sourceTree = "<group>"; };
		06DC7D382307039100B66E98 /* UserInfo.swift */ = {isa = PBXFileReference; lastKnownFileType = sourcecode.swift; path = UserInfo.swift; sourceTree = "<group>"; };
		2177BEA901D82D445DA241D7 /* Pods-DanBee_iOS.release.xcconfig */ = {isa = PBXFileReference; includeInIndex = 1; lastKnownFileType = text.xcconfig; name = "Pods-DanBee_iOS.release.xcconfig"; path = "Target Support Files/Pods-DanBee_iOS/Pods-DanBee_iOS.release.xcconfig"; sourceTree = "<group>"; };
		40D33419F7B4F4C741FF483D /* Pods_DanBee_iOSTests.framework */ = {isa = PBXFileReference; explicitFileType = wrapper.framework; includeInIndex = 0; path = Pods_DanBee_iOSTests.framework; sourceTree = BUILT_PRODUCTS_DIR; };
		56DF12FA07C1336385DC24B8 /* Pods_DanBee_iOS.framework */ = {isa = PBXFileReference; explicitFileType = wrapper.framework; includeInIndex = 0; path = Pods_DanBee_iOS.framework; sourceTree = BUILT_PRODUCTS_DIR; };
		6CEDB49495CC47A8EE116EA4 /* Pods-DanBee_iOS.debug.xcconfig */ = {isa = PBXFileReference; includeInIndex = 1; lastKnownFileType = text.xcconfig; name = "Pods-DanBee_iOS.debug.xcconfig"; path = "Target Support Files/Pods-DanBee_iOS/Pods-DanBee_iOS.debug.xcconfig"; sourceTree = "<group>"; };
		E33E6F194568435D63245067 /* Pods-DanBee_iOSTests.debug.xcconfig */ = {isa = PBXFileReference; includeInIndex = 1; lastKnownFileType = text.xcconfig; name = "Pods-DanBee_iOSTests.debug.xcconfig"; path = "Target Support Files/Pods-DanBee_iOSTests/Pods-DanBee_iOSTests.debug.xcconfig"; sourceTree = "<group>"; };
		ED40346070E23A25128E1720 /* Pods-DanBee_iOSTests.release.xcconfig */ = {isa = PBXFileReference; includeInIndex = 1; lastKnownFileType = text.xcconfig; name = "Pods-DanBee_iOSTests.release.xcconfig"; path = "Target Support Files/Pods-DanBee_iOSTests/Pods-DanBee_iOSTests.release.xcconfig"; sourceTree = "<group>"; };
/* End PBXFileReference section */

/* Begin PBXFrameworksBuildPhase section */
		06DC7CEC23042B1200B66E98 /* Frameworks */ = {
			isa = PBXFrameworksBuildPhase;
			buildActionMask = 2147483647;
			files = (
				DD81D35270884E36741CB577 /* Pods_DanBee_iOS.framework in Frameworks */,
			);
			runOnlyForDeploymentPostprocessing = 0;
		};
		06DC7D0023042B1300B66E98 /* Frameworks */ = {
			isa = PBXFrameworksBuildPhase;
			buildActionMask = 2147483647;
			files = (
				53A7C252DF85794E1C12907D /* Pods_DanBee_iOSTests.framework in Frameworks */,
			);
			runOnlyForDeploymentPostprocessing = 0;
		};
/* End PBXFrameworksBuildPhase section */

/* Begin PBXGroup section */
		06DC7CE623042B1200B66E98 = {
			isa = PBXGroup;
			children = (
				06DC7CF123042B1200B66E98 /* DanBee_iOS */,
				06DC7D0623042B1300B66E98 /* DanBee_iOSTests */,
				06DC7CF023042B1200B66E98 /* Products */,
				5997FCAA31FD2B88496D4E14 /* Pods */,
				DD1A5169D09C8130D981A7B3 /* Frameworks */,
			);
			sourceTree = "<group>";
		};
		06DC7CF023042B1200B66E98 /* Products */ = {
			isa = PBXGroup;
			children = (
				06DC7CEF23042B1200B66E98 /* DanBee_iOS.app */,
				06DC7D0323042B1300B66E98 /* DanBee_iOSTests.xctest */,
			);
			name = Products;
			sourceTree = "<group>";
		};
		06DC7CF123042B1200B66E98 /* DanBee_iOS */ = {
			isa = PBXGroup;
			children = (
				06DC7D2D2306A18200B66E98 /* ViewModel */,
				06DC7D2A23069DC000B66E98 /* Extension */,
				06DC7D262306833600B66E98 /* Service */,
				06DC7D232305869900B66E98 /* Model */,
				06DC7D162304318C00B66E98 /* StoryBoard */,
				06DC7D152304314900B66E98 /* ViewController */,
				06DC7D12230430F100B66E98 /* Key */,
				06DC7CF223042B1200B66E98 /* AppDelegate.swift */,
				06DC7CF923042B1300B66E98 /* Assets.xcassets */,
				06DC7CFE23042B1300B66E98 /* Info.plist */,
			);
			path = DanBee_iOS;
			sourceTree = "<group>";
		};
		06DC7D0623042B1300B66E98 /* DanBee_iOSTests */ = {
			isa = PBXGroup;
			children = (
				06DC7D0723042B1300B66E98 /* DanBee_iOSTests.swift */,
				06DC7D0923042B1300B66E98 /* Info.plist */,
			);
			path = DanBee_iOSTests;
			sourceTree = "<group>";
		};
		06DC7D12230430F100B66E98 /* Key */ = {
			isa = PBXGroup;
			children = (
				06DC7D132304311200B66E98 /* NaverAPIKey.swift */,
			);
			path = Key;
			sourceTree = "<group>";
		};
		06DC7D152304314900B66E98 /* ViewController */ = {
			isa = PBXGroup;
			children = (
				06DC7D272306989200B66E98 /* SignUpViewController.swift */,
				06DC7D212305868B00B66E98 /* SideMenuTableViewCell.swift */,
				06DC7D1D230584E400B66E98 /* SideMenuViewController.swift */,
				06DC7CF423042B1200B66E98 /* MainViewController.swift */,
				06DC7D24230682EB00B66E98 /* LoginViewController.swift */,
			);
			path = ViewController;
			sourceTree = "<group>";
		};
		06DC7D162304318C00B66E98 /* StoryBoard */ = {
			isa = PBXGroup;
			children = (
				06DC7CF623042B1200B66E98 /* Main.storyboard */,
				06DC7CFB23042B1300B66E98 /* LaunchScreen.storyboard */,
			);
			path = StoryBoard;
			sourceTree = "<group>";
		};
		06DC7D232305869900B66E98 /* Model */ = {
			isa = PBXGroup;
			children = (
				06DC7D302306EF7000B66E98 /* DanBeeAPI.swift */,
				06DC7D382307039100B66E98 /* UserInfo.swift */,
			);
			path = Model;
			sourceTree = "<group>";
		};
		06DC7D262306833600B66E98 /* Service */ = {
			isa = PBXGroup;
			children = (
				06DC7D322306F07800B66E98 /* SignUpService.swift */,
				06DC7D342306F6D800B66E98 /* LoginService.swift */,
			);
			path = Service;
			sourceTree = "<group>";
		};
		06DC7D2A23069DC000B66E98 /* Extension */ = {
			isa = PBXGroup;
			children = (
				06DC7D2B23069DEF00B66E98 /* UIButton+Extension.swift */,
				06DC7D362307018C00B66E98 /* UIViewController+Extension.swift */,
			);
			path = Extension;
			sourceTree = "<group>";
		};
		06DC7D2D2306A18200B66E98 /* ViewModel */ = {
			isa = PBXGroup;
			children = (
				06DC7D2E2306A1C000B66E98 /* SignUpTextViewModel.swift */,
			);
			path = ViewModel;
			sourceTree = "<group>";
		};
		5997FCAA31FD2B88496D4E14 /* Pods */ = {
			isa = PBXGroup;
			children = (
				6CEDB49495CC47A8EE116EA4 /* Pods-DanBee_iOS.debug.xcconfig */,
				2177BEA901D82D445DA241D7 /* Pods-DanBee_iOS.release.xcconfig */,
				E33E6F194568435D63245067 /* Pods-DanBee_iOSTests.debug.xcconfig */,
				ED40346070E23A25128E1720 /* Pods-DanBee_iOSTests.release.xcconfig */,
			);
			path = Pods;
			sourceTree = "<group>";
		};
		DD1A5169D09C8130D981A7B3 /* Frameworks */ = {
			isa = PBXGroup;
			children = (
				56DF12FA07C1336385DC24B8 /* Pods_DanBee_iOS.framework */,
				06DC7D1923052C8800B66E98 /* VHBoomMenuButton.framework */,
				06DC7D1723043AFF00B66E98 /* NMapsMap.framework */,
				40D33419F7B4F4C741FF483D /* Pods_DanBee_iOSTests.framework */,
			);
			name = Frameworks;
			sourceTree = "<group>";
		};
/* End PBXGroup section */

/* Begin PBXNativeTarget section */
		06DC7CEE23042B1200B66E98 /* DanBee_iOS */ = {
			isa = PBXNativeTarget;
			buildConfigurationList = 06DC7D0C23042B1300B66E98 /* Build configuration list for PBXNativeTarget "DanBee_iOS" */;
			buildPhases = (
				E08A09D712A0BC3EA7025B27 /* [CP] Check Pods Manifest.lock */,
				06DC7CEB23042B1200B66E98 /* Sources */,
				06DC7CEC23042B1200B66E98 /* Frameworks */,
				06DC7CED23042B1200B66E98 /* Resources */,
				06ED6FA966C39A943F4565F6 /* [CP] Embed Pods Frameworks */,
			);
			buildRules = (
			);
			dependencies = (
			);
			name = DanBee_iOS;
			productName = DanBee_iOS;
			productReference = 06DC7CEF23042B1200B66E98 /* DanBee_iOS.app */;
			productType = "com.apple.product-type.application";
		};
		06DC7D0223042B1300B66E98 /* DanBee_iOSTests */ = {
			isa = PBXNativeTarget;
			buildConfigurationList = 06DC7D0F23042B1300B66E98 /* Build configuration list for PBXNativeTarget "DanBee_iOSTests" */;
			buildPhases = (
				AF2808728E001D9B5FAFA251 /* [CP] Check Pods Manifest.lock */,
				06DC7CFF23042B1300B66E98 /* Sources */,
				06DC7D0023042B1300B66E98 /* Frameworks */,
				06DC7D0123042B1300B66E98 /* Resources */,
			);
			buildRules = (
			);
			dependencies = (
				06DC7D0523042B1300B66E98 /* PBXTargetDependency */,
			);
			name = DanBee_iOSTests;
			productName = DanBee_iOSTests;
			productReference = 06DC7D0323042B1300B66E98 /* DanBee_iOSTests.xctest */;
			productType = "com.apple.product-type.bundle.unit-test";
		};
/* End PBXNativeTarget section */

/* Begin PBXProject section */
		06DC7CE723042B1200B66E98 /* Project object */ = {
			isa = PBXProject;
			attributes = {
				LastSwiftUpdateCheck = 1030;
				LastUpgradeCheck = 1030;
				ORGANIZATIONNAME = ns;
				TargetAttributes = {
					06DC7CEE23042B1200B66E98 = {
						CreatedOnToolsVersion = 10.3;
					};
					06DC7D0223042B1300B66E98 = {
						CreatedOnToolsVersion = 10.3;
						TestTargetID = 06DC7CEE23042B1200B66E98;
					};
				};
			};
			buildConfigurationList = 06DC7CEA23042B1200B66E98 /* Build configuration list for PBXProject "DanBee_iOS" */;
			compatibilityVersion = "Xcode 9.3";
			developmentRegion = en;
			hasScannedForEncodings = 0;
			knownRegions = (
				en,
				Base,
			);
			mainGroup = 06DC7CE623042B1200B66E98;
			productRefGroup = 06DC7CF023042B1200B66E98 /* Products */;
			projectDirPath = "";
			projectRoot = "";
			targets = (
				06DC7CEE23042B1200B66E98 /* DanBee_iOS */,
				06DC7D0223042B1300B66E98 /* DanBee_iOSTests */,
			);
		};
/* End PBXProject section */

/* Begin PBXResourcesBuildPhase section */
		06DC7CED23042B1200B66E98 /* Resources */ = {
			isa = PBXResourcesBuildPhase;
			buildActionMask = 2147483647;
			files = (
				06DC7CFD23042B1300B66E98 /* LaunchScreen.storyboard in Resources */,
				06DC7CFA23042B1300B66E98 /* Assets.xcassets in Resources */,
				06DC7CF823042B1200B66E98 /* Main.storyboard in Resources */,
			);
			runOnlyForDeploymentPostprocessing = 0;
		};
		06DC7D0123042B1300B66E98 /* Resources */ = {
			isa = PBXResourcesBuildPhase;
			buildActionMask = 2147483647;
			files = (
			);
			runOnlyForDeploymentPostprocessing = 0;
		};
/* End PBXResourcesBuildPhase section */

/* Begin PBXShellScriptBuildPhase section */
		06ED6FA966C39A943F4565F6 /* [CP] Embed Pods Frameworks */ = {
			isa = PBXShellScriptBuildPhase;
			buildActionMask = 2147483647;
			files = (
			);
			inputFileListPaths = (
				"${PODS_ROOT}/Target Support Files/Pods-DanBee_iOS/Pods-DanBee_iOS-frameworks-${CONFIGURATION}-input-files.xcfilelist",
			);
			name = "[CP] Embed Pods Frameworks";
			outputFileListPaths = (
				"${PODS_ROOT}/Target Support Files/Pods-DanBee_iOS/Pods-DanBee_iOS-frameworks-${CONFIGURATION}-output-files.xcfilelist",
			);
			runOnlyForDeploymentPostprocessing = 0;
			shellPath = /bin/sh;
			shellScript = "\"${PODS_ROOT}/Target Support Files/Pods-DanBee_iOS/Pods-DanBee_iOS-frameworks.sh\"\n";
			showEnvVarsInLog = 0;
		};
		AF2808728E001D9B5FAFA251 /* [CP] Check Pods Manifest.lock */ = {
			isa = PBXShellScriptBuildPhase;
			buildActionMask = 2147483647;
			files = (
			);
			inputFileListPaths = (
			);
			inputPaths = (
				"${PODS_PODFILE_DIR_PATH}/Podfile.lock",
				"${PODS_ROOT}/Manifest.lock",
			);
			name = "[CP] Check Pods Manifest.lock";
			outputFileListPaths = (
			);
			outputPaths = (
				"$(DERIVED_FILE_DIR)/Pods-DanBee_iOSTests-checkManifestLockResult.txt",
			);
			runOnlyForDeploymentPostprocessing = 0;
			shellPath = /bin/sh;
			shellScript = "diff \"${PODS_PODFILE_DIR_PATH}/Podfile.lock\" \"${PODS_ROOT}/Manifest.lock\" > /dev/null\nif [ $? != 0 ] ; then\n    # print error to STDERR\n    echo \"error: The sandbox is not in sync with the Podfile.lock. Run 'pod install' or update your CocoaPods installation.\" >&2\n    exit 1\nfi\n# This output is used by Xcode 'outputs' to avoid re-running this script phase.\necho \"SUCCESS\" > \"${SCRIPT_OUTPUT_FILE_0}\"\n";
			showEnvVarsInLog = 0;
		};
		E08A09D712A0BC3EA7025B27 /* [CP] Check Pods Manifest.lock */ = {
			isa = PBXShellScriptBuildPhase;
			buildActionMask = 2147483647;
			files = (
			);
			inputFileListPaths = (
			);
			inputPaths = (
				"${PODS_PODFILE_DIR_PATH}/Podfile.lock",
				"${PODS_ROOT}/Manifest.lock",
			);
			name = "[CP] Check Pods Manifest.lock";
			outputFileListPaths = (
			);
			outputPaths = (
				"$(DERIVED_FILE_DIR)/Pods-DanBee_iOS-checkManifestLockResult.txt",
			);
			runOnlyForDeploymentPostprocessing = 0;
			shellPath = /bin/sh;
			shellScript = "diff \"${PODS_PODFILE_DIR_PATH}/Podfile.lock\" \"${PODS_ROOT}/Manifest.lock\" > /dev/null\nif [ $? != 0 ] ; then\n    # print error to STDERR\n    echo \"error: The sandbox is not in sync with the Podfile.lock. Run 'pod install' or update your CocoaPods installation.\" >&2\n    exit 1\nfi\n# This output is used by Xcode 'outputs' to avoid re-running this script phase.\necho \"SUCCESS\" > \"${SCRIPT_OUTPUT_FILE_0}\"\n";
			showEnvVarsInLog = 0;
		};
/* End PBXShellScriptBuildPhase section */

/* Begin PBXSourcesBuildPhase section */
		06DC7CEB23042B1200B66E98 /* Sources */ = {
			isa = PBXSourcesBuildPhase;
			buildActionMask = 2147483647;
			files = (
				06DC7D25230682EB00B66E98 /* LoginViewController.swift in Sources */,
				06DC7D372307018C00B66E98 /* UIViewController+Extension.swift in Sources */,
				06DC7D282306989200B66E98 /* SignUpViewController.swift in Sources */,
				06DC7D222305868B00B66E98 /* SideMenuTableViewCell.swift in Sources */,
				06DC7D1E230584E400B66E98 /* SideMenuViewController.swift in Sources */,
				06DC7D142304311200B66E98 /* NaverAPIKey.swift in Sources */,
				06DC7D312306EF7000B66E98 /* DanBeeAPI.swift in Sources */,
				06DC7D2C23069DEF00B66E98 /* UIButton+Extension.swift in Sources */,
				06DC7D352306F6D800B66E98 /* LoginService.swift in Sources */,
				06DC7D2F2306A1C000B66E98 /* SignUpTextViewModel.swift in Sources */,
				06DC7CF523042B1200B66E98 /* MainViewController.swift in Sources */,
				06DC7CF323042B1200B66E98 /* AppDelegate.swift in Sources */,
				06DC7D392307039100B66E98 /* UserInfo.swift in Sources */,
				06DC7D332306F07900B66E98 /* SignUpService.swift in Sources */,
			);
			runOnlyForDeploymentPostprocessing = 0;
		};
		06DC7CFF23042B1300B66E98 /* Sources */ = {
			isa = PBXSourcesBuildPhase;
			buildActionMask = 2147483647;
			files = (
				06DC7D0823042B1300B66E98 /* DanBee_iOSTests.swift in Sources */,
			);
			runOnlyForDeploymentPostprocessing = 0;
		};
/* End PBXSourcesBuildPhase section */

/* Begin PBXTargetDependency section */
		06DC7D0523042B1300B66E98 /* PBXTargetDependency */ = {
			isa = PBXTargetDependency;
			target = 06DC7CEE23042B1200B66E98 /* DanBee_iOS */;
			targetProxy = 06DC7D0423042B1300B66E98 /* PBXContainerItemProxy */;
		};
/* End PBXTargetDependency section */

/* Begin PBXVariantGroup section */
		06DC7CF623042B1200B66E98 /* Main.storyboard */ = {
			isa = PBXVariantGroup;
			children = (
				06DC7CF723042B1200B66E98 /* Base */,
			);
			name = Main.storyboard;
			sourceTree = "<group>";
		};
		06DC7CFB23042B1300B66E98 /* LaunchScreen.storyboard */ = {
			isa = PBXVariantGroup;
			children = (
				06DC7CFC23042B1300B66E98 /* Base */,
			);
			name = LaunchScreen.storyboard;
			sourceTree = "<group>";
		};
/* End PBXVariantGroup section */

/* Begin XCBuildConfiguration section */
		06DC7D0A23042B1300B66E98 /* Debug */ = {
			isa = XCBuildConfiguration;
			buildSettings = {
				ALWAYS_SEARCH_USER_PATHS = NO;
				CLANG_ANALYZER_NONNULL = YES;
				CLANG_ANALYZER_NUMBER_OBJECT_CONVERSION = YES_AGGRESSIVE;
				CLANG_CXX_LANGUAGE_STANDARD = "gnu++14";
				CLANG_CXX_LIBRARY = "libc++";
				CLANG_ENABLE_MODULES = YES;
				CLANG_ENABLE_OBJC_ARC = YES;
				CLANG_ENABLE_OBJC_WEAK = YES;
				CLANG_WARN_BLOCK_CAPTURE_AUTORELEASING = YES;
				CLANG_WARN_BOOL_CONVERSION = YES;
				CLANG_WARN_COMMA = YES;
				CLANG_WARN_CONSTANT_CONVERSION = YES;
				CLANG_WARN_DEPRECATED_OBJC_IMPLEMENTATIONS = YES;
				CLANG_WARN_DIRECT_OBJC_ISA_USAGE = YES_ERROR;
				CLANG_WARN_DOCUMENTATION_COMMENTS = YES;
				CLANG_WARN_EMPTY_BODY = YES;
				CLANG_WARN_ENUM_CONVERSION = YES;
				CLANG_WARN_INFINITE_RECURSION = YES;
				CLANG_WARN_INT_CONVERSION = YES;
				CLANG_WARN_NON_LITERAL_NULL_CONVERSION = YES;
				CLANG_WARN_OBJC_IMPLICIT_RETAIN_SELF = YES;
				CLANG_WARN_OBJC_LITERAL_CONVERSION = YES;
				CLANG_WARN_OBJC_ROOT_CLASS = YES_ERROR;
				CLANG_WARN_RANGE_LOOP_ANALYSIS = YES;
				CLANG_WARN_STRICT_PROTOTYPES = YES;
				CLANG_WARN_SUSPICIOUS_MOVE = YES;
				CLANG_WARN_UNGUARDED_AVAILABILITY = YES_AGGRESSIVE;
				CLANG_WARN_UNREACHABLE_CODE = YES;
				CLANG_WARN__DUPLICATE_METHOD_MATCH = YES;
				CODE_SIGN_IDENTITY = "iPhone Developer";
				COPY_PHASE_STRIP = NO;
				DEBUG_INFORMATION_FORMAT = dwarf;
				ENABLE_STRICT_OBJC_MSGSEND = YES;
				ENABLE_TESTABILITY = YES;
				GCC_C_LANGUAGE_STANDARD = gnu11;
				GCC_DYNAMIC_NO_PIC = NO;
				GCC_NO_COMMON_BLOCKS = YES;
				GCC_OPTIMIZATION_LEVEL = 0;
				GCC_PREPROCESSOR_DEFINITIONS = (
					"DEBUG=1",
					"$(inherited)",
				);
				GCC_WARN_64_TO_32_BIT_CONVERSION = YES;
				GCC_WARN_ABOUT_RETURN_TYPE = YES_ERROR;
				GCC_WARN_UNDECLARED_SELECTOR = YES;
				GCC_WARN_UNINITIALIZED_AUTOS = YES_AGGRESSIVE;
				GCC_WARN_UNUSED_FUNCTION = YES;
				GCC_WARN_UNUSED_VARIABLE = YES;
				IPHONEOS_DEPLOYMENT_TARGET = 12.4;
				MTL_ENABLE_DEBUG_INFO = INCLUDE_SOURCE;
				MTL_FAST_MATH = YES;
				ONLY_ACTIVE_ARCH = YES;
				SDKROOT = iphoneos;
				SWIFT_ACTIVE_COMPILATION_CONDITIONS = DEBUG;
				SWIFT_OPTIMIZATION_LEVEL = "-Onone";
			};
			name = Debug;
		};
		06DC7D0B23042B1300B66E98 /* Release */ = {
			isa = XCBuildConfiguration;
			buildSettings = {
				ALWAYS_SEARCH_USER_PATHS = NO;
				CLANG_ANALYZER_NONNULL = YES;
				CLANG_ANALYZER_NUMBER_OBJECT_CONVERSION = YES_AGGRESSIVE;
				CLANG_CXX_LANGUAGE_STANDARD = "gnu++14";
				CLANG_CXX_LIBRARY = "libc++";
				CLANG_ENABLE_MODULES = YES;
				CLANG_ENABLE_OBJC_ARC = YES;
				CLANG_ENABLE_OBJC_WEAK = YES;
				CLANG_WARN_BLOCK_CAPTURE_AUTORELEASING = YES;
				CLANG_WARN_BOOL_CONVERSION = YES;
				CLANG_WARN_COMMA = YES;
				CLANG_WARN_CONSTANT_CONVERSION = YES;
				CLANG_WARN_DEPRECATED_OBJC_IMPLEMENTATIONS = YES;
				CLANG_WARN_DIRECT_OBJC_ISA_USAGE = YES_ERROR;
				CLANG_WARN_DOCUMENTATION_COMMENTS = YES;
				CLANG_WARN_EMPTY_BODY = YES;
				CLANG_WARN_ENUM_CONVERSION = YES;
				CLANG_WARN_INFINITE_RECURSION = YES;
				CLANG_WARN_INT_CONVERSION = YES;
				CLANG_WARN_NON_LITERAL_NULL_CONVERSION = YES;
				CLANG_WARN_OBJC_IMPLICIT_RETAIN_SELF = YES;
				CLANG_WARN_OBJC_LITERAL_CONVERSION = YES;
				CLANG_WARN_OBJC_ROOT_CLASS = YES_ERROR;
				CLANG_WARN_RANGE_LOOP_ANALYSIS = YES;
				CLANG_WARN_STRICT_PROTOTYPES = YES;
				CLANG_WARN_SUSPICIOUS_MOVE = YES;
				CLANG_WARN_UNGUARDED_AVAILABILITY = YES_AGGRESSIVE;
				CLANG_WARN_UNREACHABLE_CODE = YES;
				CLANG_WARN__DUPLICATE_METHOD_MATCH = YES;
				CODE_SIGN_IDENTITY = "iPhone Developer";
				COPY_PHASE_STRIP = NO;
				DEBUG_INFORMATION_FORMAT = "dwarf-with-dsym";
				ENABLE_NS_ASSERTIONS = NO;
				ENABLE_STRICT_OBJC_MSGSEND = YES;
				GCC_C_LANGUAGE_STANDARD = gnu11;
				GCC_NO_COMMON_BLOCKS = YES;
				GCC_WARN_64_TO_32_BIT_CONVERSION = YES;
				GCC_WARN_ABOUT_RETURN_TYPE = YES_ERROR;
				GCC_WARN_UNDECLARED_SELECTOR = YES;
				GCC_WARN_UNINITIALIZED_AUTOS = YES_AGGRESSIVE;
				GCC_WARN_UNUSED_FUNCTION = YES;
				GCC_WARN_UNUSED_VARIABLE = YES;
				IPHONEOS_DEPLOYMENT_TARGET = 12.4;
				MTL_ENABLE_DEBUG_INFO = NO;
				MTL_FAST_MATH = YES;
				SDKROOT = iphoneos;
				SWIFT_COMPILATION_MODE = wholemodule;
				SWIFT_OPTIMIZATION_LEVEL = "-O";
				VALIDATE_PRODUCT = YES;
			};
			name = Release;
		};
		06DC7D0D23042B1300B66E98 /* Debug */ = {
			isa = XCBuildConfiguration;
			baseConfigurationReference = 6CEDB49495CC47A8EE116EA4 /* Pods-DanBee_iOS.debug.xcconfig */;
			buildSettings = {
				ASSETCATALOG_COMPILER_APPICON_NAME = AppIcon;
				CODE_SIGN_STYLE = Automatic;
				DEVELOPMENT_TEAM = 7Z2CV7TB8R;
				FRAMEWORK_SEARCH_PATHS = (
					"$(inherited)",
					"$(PROJECT_DIR)/Pods/NMapsMap/framework",
				);
				INFOPLIST_FILE = DanBee_iOS/Info.plist;
				LD_RUNPATH_SEARCH_PATHS = (
					"$(inherited)",
					"@executable_path/Frameworks",
				);
				PRODUCT_BUNDLE_IDENTIFIER = "ns.DanBee-iOS";
				PRODUCT_NAME = "$(TARGET_NAME)";
				SWIFT_VERSION = 5.0;
				TARGETED_DEVICE_FAMILY = "1,2";
			};
			name = Debug;
		};
		06DC7D0E23042B1300B66E98 /* Release */ = {
			isa = XCBuildConfiguration;
			baseConfigurationReference = 2177BEA901D82D445DA241D7 /* Pods-DanBee_iOS.release.xcconfig */;
			buildSettings = {
				ASSETCATALOG_COMPILER_APPICON_NAME = AppIcon;
				CODE_SIGN_STYLE = Automatic;
				DEVELOPMENT_TEAM = 7Z2CV7TB8R;
				FRAMEWORK_SEARCH_PATHS = (
					"$(inherited)",
					"$(PROJECT_DIR)/Pods/NMapsMap/framework",
				);
				INFOPLIST_FILE = DanBee_iOS/Info.plist;
				LD_RUNPATH_SEARCH_PATHS = (
					"$(inherited)",
					"@executable_path/Frameworks",
				);
				PRODUCT_BUNDLE_IDENTIFIER = "ns.DanBee-iOS";
				PRODUCT_NAME = "$(TARGET_NAME)";
				SWIFT_VERSION = 5.0;
				TARGETED_DEVICE_FAMILY = "1,2";
			};
			name = Release;
		};
		06DC7D1023042B1300B66E98 /* Debug */ = {
			isa = XCBuildConfiguration;
			baseConfigurationReference = E33E6F194568435D63245067 /* Pods-DanBee_iOSTests.debug.xcconfig */;
			buildSettings = {
				ALWAYS_EMBED_SWIFT_STANDARD_LIBRARIES = YES;
				BUNDLE_LOADER = "$(TEST_HOST)";
				CODE_SIGN_STYLE = Automatic;
				DEVELOPMENT_TEAM = 7Z2CV7TB8R;
				INFOPLIST_FILE = DanBee_iOSTests/Info.plist;
				LD_RUNPATH_SEARCH_PATHS = (
					"$(inherited)",
					"@executable_path/Frameworks",
					"@loader_path/Frameworks",
				);
				PRODUCT_BUNDLE_IDENTIFIER = "ns.DanBee-iOSTests";
				PRODUCT_NAME = "$(TARGET_NAME)";
				SWIFT_VERSION = 5.0;
				TARGETED_DEVICE_FAMILY = "1,2";
				TEST_HOST = "$(BUILT_PRODUCTS_DIR)/DanBee_iOS.app/DanBee_iOS";
			};
			name = Debug;
		};
		06DC7D1123042B1300B66E98 /* Release */ = {
			isa = XCBuildConfiguration;
			baseConfigurationReference = ED40346070E23A25128E1720 /* Pods-DanBee_iOSTests.release.xcconfig */;
			buildSettings = {
				ALWAYS_EMBED_SWIFT_STANDARD_LIBRARIES = YES;
				BUNDLE_LOADER = "$(TEST_HOST)";
				CODE_SIGN_STYLE = Automatic;
				DEVELOPMENT_TEAM = 7Z2CV7TB8R;
				INFOPLIST_FILE = DanBee_iOSTests/Info.plist;
				LD_RUNPATH_SEARCH_PATHS = (
					"$(inherited)",
					"@executable_path/Frameworks",
					"@loader_path/Frameworks",
				);
				PRODUCT_BUNDLE_IDENTIFIER = "ns.DanBee-iOSTests";
				PRODUCT_NAME = "$(TARGET_NAME)";
				SWIFT_VERSION = 5.0;
				TARGETED_DEVICE_FAMILY = "1,2";
				TEST_HOST = "$(BUILT_PRODUCTS_DIR)/DanBee_iOS.app/DanBee_iOS";
			};
			name = Release;
		};
/* End XCBuildConfiguration section */

/* Begin XCConfigurationList section */
		06DC7CEA23042B1200B66E98 /* Build configuration list for PBXProject "DanBee_iOS" */ = {
			isa = XCConfigurationList;
			buildConfigurations = (
				06DC7D0A23042B1300B66E98 /* Debug */,
				06DC7D0B23042B1300B66E98 /* Release */,
			);
			defaultConfigurationIsVisible = 0;
			defaultConfigurationName = Release;
		};
		06DC7D0C23042B1300B66E98 /* Build configuration list for PBXNativeTarget "DanBee_iOS" */ = {
			isa = XCConfigurationList;
			buildConfigurations = (
				06DC7D0D23042B1300B66E98 /* Debug */,
				06DC7D0E23042B1300B66E98 /* Release */,
			);
			defaultConfigurationIsVisible = 0;
			defaultConfigurationName = Release;
		};
		06DC7D0F23042B1300B66E98 /* Build configuration list for PBXNativeTarget "DanBee_iOSTests" */ = {
			isa = XCConfigurationList;
			buildConfigurations = (
				06DC7D1023042B1300B66E98 /* Debug */,
				06DC7D1123042B1300B66E98 /* Release */,
			);
			defaultConfigurationIsVisible = 0;
			defaultConfigurationName = Release;
		};
/* End XCConfigurationList section */
	};
	rootObject = 06DC7CE723042B1200B66E98 /* Project object */;
}
